
Microsoft Visual Studio Solution File, Format Version 12.00
# Visual Studio Version 17
VisualStudioVersion = 17.11.35327.3
MinimumVisualStudioVersion = 10.0.40219.1
Project("{FAE04EC0-301F-11D3-BF4B-00C04F79EFBC}") = "FirstProject", "FirstProject\FirstProject.csproj", "{3FC00D89-FAD9-4013-B6DD-B41B81BD09CF}"
EndProject
Global
	GlobalSection(SolutionConfigurationPlatforms) = preSolution
		Debug|Any CPU = Debug|Any CPU
		Release|Any CPU = Release|Any CPU
	EndGlobalSection
	GlobalSection(ProjectConfigurationPlatforms) = postSolution
		{3FC00D89-FAD9-4013-B6DD-B41B81BD09CF}.Debug|Any CPU.ActiveCfg = Debug|Any CPU
		{3FC00D89-FAD9-4013-B6DD-B41B81BD09CF}.Debug|Any CPU.Build.0 = Debug|Any CPU
		{3FC00D89-FAD9-4013-B6DD-B41B81BD09CF}.Release|Any CPU.ActiveCfg = Release|Any CPU
		{3FC00D89-FAD9-4013-B6DD-B41B81BD09CF}.Release|Any CPU.Build.0 = Release|Any CPU
	EndGlobalSection
	GlobalSection(SolutionProperties) = preSolution
		HideSolutionNode = FALSE
	EndGlobalSection
	GlobalSection(ExtensibilityGlobals) = postSolution
		SolutionGuid = {5931F550-FE07-4DD1-BD3C-FDB9789277EA}
	EndGlobalSection
EndGlobal
